
Microsoft Visual Studio Solution File, Format Version 12.00
# Visual Studio Version 16
VisualStudioVersion = 16.0.30002.166
MinimumVisualStudioVersion = 10.0.40219.1
Project("{FAE04EC0-301F-11D3-BF4B-00C04F79EFBC}") = "CRUD-Ajax", "CRUD-Ajax\CRUD-Ajax.csproj", "{4D790EAE-4F68-458F-A4F3-2835D3ED62FF}"
EndProject
Global
	GlobalSection(SolutionConfigurationPlatforms) = preSolution
		Debug|Any CPU = Debug|Any CPU
		Release|Any CPU = Release|Any CPU
	EndGlobalSection
	GlobalSection(ProjectConfigurationPlatforms) = postSolution
		{4D790EAE-4F68-458F-A4F3-2835D3ED62FF}.Debug|Any CPU.ActiveCfg = Debug|Any CPU
		{4D790EAE-4F68-458F-A4F3-2835D3ED62FF}.Debug|Any CPU.Build.0 = Debug|Any CPU
		{4D790EAE-4F68-458F-A4F3-2835D3ED62FF}.Release|Any CPU.ActiveCfg = Release|Any CPU
		{4D790EAE-4F68-458F-A4F3-2835D3ED62FF}.Release|Any CPU.Build.0 = Release|Any CPU
	EndGlobalSection
	GlobalSection(SolutionProperties) = preSolution
		HideSolutionNode = FALSE
	EndGlobalSection
	GlobalSection(ExtensibilityGlobals) = postSolution
		SolutionGuid = {ACE66FC1-11E0-4A75-A0AB-B59CE2095328}
	EndGlobalSection
EndGlobal
